
Microsoft Visual Studio Solution File, Format Version 12.00
# Visual Studio Version 16
VisualStudioVersion = 16.0.31410.357
MinimumVisualStudioVersion = 10.0.40219.1
Project("{FAE04EC0-301F-11D3-BF4B-00C04F79EFBC}") = "DemoProject", "DemoProject\DemoProject.csproj", "{DF5A6B15-9307-41B6-AFD8-8C6C53E320B7}"
EndProject
Project("{FAE04EC0-301F-11D3-BF4B-00C04F79EFBC}") = "DemoProject.OO", "DemoProject.OO\DemoProject.OO.csproj", "{AEF61B30-BDD1-4E32-9E07-CFC14B85FBB3}"
EndProject
Project("{FAE04EC0-301F-11D3-BF4B-00C04F79EFBC}") = "BankDemo", "BankDemo\BankDemo.csproj", "{39CDAD98-8303-4827-BBA0-CC979BEA3B9B}"
EndProject
Project("{FAE04EC0-301F-11D3-BF4B-00C04F79EFBC}") = "PhoneLab", "PhoneLab\PhoneLab.csproj", "{24B36997-EDE8-4A9F-8FFB-F8D9AF8C7CAF}"
EndProject
Project("{FAE04EC0-301F-11D3-BF4B-00C04F79EFBC}") = "AnimalInheritanceDemo", "AnimalInheritanceDemo\AnimalInheritanceDemo.csproj", "{161ACE89-AE40-40A2-B196-187079053C35}"
EndProject
Project("{FAE04EC0-301F-11D3-BF4B-00C04F79EFBC}") = "WerkInheritanceDemo", "WerkInheritanceDemo\WerkInheritanceDemo.csproj", "{03AA4ADF-6923-49EB-9978-7AE82892B8CD}"
EndProject
Global
	GlobalSection(SolutionConfigurationPlatforms) = preSolution
		Debug|Any CPU = Debug|Any CPU
		Release|Any CPU = Release|Any CPU
	EndGlobalSection
	GlobalSection(ProjectConfigurationPlatforms) = postSolution
		{DF5A6B15-9307-41B6-AFD8-8C6C53E320B7}.Debug|Any CPU.ActiveCfg = Debug|Any CPU
		{DF5A6B15-9307-41B6-AFD8-8C6C53E320B7}.Debug|Any CPU.Build.0 = Debug|Any CPU
		{DF5A6B15-9307-41B6-AFD8-8C6C53E320B7}.Release|Any CPU.ActiveCfg = Release|Any CPU
		{DF5A6B15-9307-41B6-AFD8-8C6C53E320B7}.Release|Any CPU.Build.0 = Release|Any CPU
		{AEF61B30-BDD1-4E32-9E07-CFC14B85FBB3}.Debug|Any CPU.ActiveCfg = Debug|Any CPU
		{AEF61B30-BDD1-4E32-9E07-CFC14B85FBB3}.Debug|Any CPU.Build.0 = Debug|Any CPU
		{AEF61B30-BDD1-4E32-9E07-CFC14B85FBB3}.Release|Any CPU.ActiveCfg = Release|Any CPU
		{AEF61B30-BDD1-4E32-9E07-CFC14B85FBB3}.Release|Any CPU.Build.0 = Release|Any CPU
		{39CDAD98-8303-4827-BBA0-CC979BEA3B9B}.Debug|Any CPU.ActiveCfg = Debug|Any CPU
		{39CDAD98-8303-4827-BBA0-CC979BEA3B9B}.Debug|Any CPU.Build.0 = Debug|Any CPU
		{39CDAD98-8303-4827-BBA0-CC979BEA3B9B}.Release|Any CPU.ActiveCfg = Release|Any CPU
		{39CDAD98-8303-4827-BBA0-CC979BEA3B9B}.Release|Any CPU.Build.0 = Release|Any CPU
		{24B36997-EDE8-4A9F-8FFB-F8D9AF8C7CAF}.Debug|Any CPU.ActiveCfg = Debug|Any CPU
		{24B36997-EDE8-4A9F-8FFB-F8D9AF8C7CAF}.Debug|Any CPU.Build.0 = Debug|Any CPU
		{24B36997-EDE8-4A9F-8FFB-F8D9AF8C7CAF}.Release|Any CPU.ActiveCfg = Release|Any CPU
		{24B36997-EDE8-4A9F-8FFB-F8D9AF8C7CAF}.Release|Any CPU.Build.0 = Release|Any CPU
		{161ACE89-AE40-40A2-B196-187079053C35}.Debug|Any CPU.ActiveCfg = Debug|Any CPU
		{161ACE89-AE40-40A2-B196-187079053C35}.Debug|Any CPU.Build.0 = Debug|Any CPU
		{161ACE89-AE40-40A2-B196-187079053C35}.Release|Any CPU.ActiveCfg = Release|Any CPU
		{161ACE89-AE40-40A2-B196-187079053C35}.Release|Any CPU.Build.0 = Release|Any CPU
		{03AA4ADF-6923-49EB-9978-7AE82892B8CD}.Debug|Any CPU.ActiveCfg = Debug|Any CPU
		{03AA4ADF-6923-49EB-9978-7AE82892B8CD}.Debug|Any CPU.Build.0 = Debug|Any CPU
		{03AA4ADF-6923-49EB-9978-7AE82892B8CD}.Release|Any CPU.ActiveCfg = Release|Any CPU
		{03AA4ADF-6923-49EB-9978-7AE82892B8CD}.Release|Any CPU.Build.0 = Release|Any CPU
	EndGlobalSection
	GlobalSection(SolutionProperties) = preSolution
		HideSolutionNode = FALSE
	EndGlobalSection
	GlobalSection(ExtensibilityGlobals) = postSolution
		SolutionGuid = {240128E4-4470-482B-8DC0-F6AAEA89C095}
	EndGlobalSection
EndGlobal
